
Microsoft Visual Studio Solution File, Format Version 12.00
# Visual Studio 14
VisualStudioVersion = 14.0.24720.0
MinimumVisualStudioVersion = 10.0.40219.1
Project("{FAE04EC0-301F-11D3-BF4B-00C04F79EFBC}") = "FactoryPattern", "FactoryPattern\FactoryPattern.csproj", "{2EBDD114-0C2A-4E2A-90F1-ED057E26A4BD}"
EndProject
Project("{FAE04EC0-301F-11D3-BF4B-00C04F79EFBC}") = "SingletonPattern", "SingletonPattern\SingletonPattern.csproj", "{CAFB5D0A-B412-45B5-B4D1-9FF27C49D5C3}"
EndProject
Project("{FAE04EC0-301F-11D3-BF4B-00C04F79EFBC}") = "BuilderPattern", "BuilderPattern\BuilderPattern.csproj", "{F22DA98F-004C-4680-9C9D-0E7EF4CB7E44}"
EndProject
Global
	GlobalSection(SolutionConfigurationPlatforms) = preSolution
		Debug|Any CPU = Debug|Any CPU
		Release|Any CPU = Release|Any CPU
	EndGlobalSection
	GlobalSection(ProjectConfigurationPlatforms) = postSolution
		{2EBDD114-0C2A-4E2A-90F1-ED057E26A4BD}.Debug|Any CPU.ActiveCfg = Debug|Any CPU
		{2EBDD114-0C2A-4E2A-90F1-ED057E26A4BD}.Debug|Any CPU.Build.0 = Debug|Any CPU
		{2EBDD114-0C2A-4E2A-90F1-ED057E26A4BD}.Release|Any CPU.ActiveCfg = Release|Any CPU
		{2EBDD114-0C2A-4E2A-90F1-ED057E26A4BD}.Release|Any CPU.Build.0 = Release|Any CPU
		{CAFB5D0A-B412-45B5-B4D1-9FF27C49D5C3}.Debug|Any CPU.ActiveCfg = Debug|Any CPU
		{CAFB5D0A-B412-45B5-B4D1-9FF27C49D5C3}.Debug|Any CPU.Build.0 = Debug|Any CPU
		{CAFB5D0A-B412-45B5-B4D1-9FF27C49D5C3}.Release|Any CPU.ActiveCfg = Release|Any CPU
		{CAFB5D0A-B412-45B5-B4D1-9FF27C49D5C3}.Release|Any CPU.Build.0 = Release|Any CPU
		{F22DA98F-004C-4680-9C9D-0E7EF4CB7E44}.Debug|Any CPU.ActiveCfg = Debug|Any CPU
		{F22DA98F-004C-4680-9C9D-0E7EF4CB7E44}.Debug|Any CPU.Build.0 = Debug|Any CPU
		{F22DA98F-004C-4680-9C9D-0E7EF4CB7E44}.Release|Any CPU.ActiveCfg = Release|Any CPU
		{F22DA98F-004C-4680-9C9D-0E7EF4CB7E44}.Release|Any CPU.Build.0 = Release|Any CPU
	EndGlobalSection
	GlobalSection(SolutionProperties) = preSolution
		HideSolutionNode = FALSE
	EndGlobalSection
EndGlobal
